
Microsoft Visual Studio Solution File, Format Version 12.00
# Visual Studio Version 17
VisualStudioVersion = 17.9.34616.47
MinimumVisualStudioVersion = 10.0.40219.1
Project("{9A19103F-16F7-4668-BE54-9A1E7A4F7556}") = "AdministrationWPF", "AdministrationWPF\AdministrationWPF.csproj", "{98A7FFE2-16F7-47C4-A210-02B574F13987}"
EndProject
Project("{9A19103F-16F7-4668-BE54-9A1E7A4F7556}") = "UserSideWEB", "UserSideWEB\UserSideWEB.csproj", "{FC298371-2FB2-4364-9270-75FC104087E9}"
EndProject
Global
	GlobalSection(SolutionConfigurationPlatforms) = preSolution
		Debug|Any CPU = Debug|Any CPU
		Release|Any CPU = Release|Any CPU
	EndGlobalSection
	GlobalSection(ProjectConfigurationPlatforms) = postSolution
		{98A7FFE2-16F7-47C4-A210-02B574F13987}.Debug|Any CPU.ActiveCfg = Debug|Any CPU
		{98A7FFE2-16F7-47C4-A210-02B574F13987}.Debug|Any CPU.Build.0 = Debug|Any CPU
		{98A7FFE2-16F7-47C4-A210-02B574F13987}.Release|Any CPU.ActiveCfg = Release|Any CPU
		{98A7FFE2-16F7-47C4-A210-02B574F13987}.Release|Any CPU.Build.0 = Release|Any CPU
		{FC298371-2FB2-4364-9270-75FC104087E9}.Debug|Any CPU.ActiveCfg = Debug|Any CPU
		{FC298371-2FB2-4364-9270-75FC104087E9}.Debug|Any CPU.Build.0 = Debug|Any CPU
		{FC298371-2FB2-4364-9270-75FC104087E9}.Release|Any CPU.ActiveCfg = Release|Any CPU
		{FC298371-2FB2-4364-9270-75FC104087E9}.Release|Any CPU.Build.0 = Release|Any CPU
	EndGlobalSection
	GlobalSection(SolutionProperties) = preSolution
		HideSolutionNode = FALSE
	EndGlobalSection
	GlobalSection(ExtensibilityGlobals) = postSolution
		SolutionGuid = {42E9ABDB-7DA0-4F28-8A43-6407965D88BE}
	EndGlobalSection
EndGlobal
